
Microsoft Visual Studio Solution File, Format Version 12.00
# Visual Studio Version 17
VisualStudioVersion = 17.2.32519.379
MinimumVisualStudioVersion = 10.0.40219.1
Project("{FAE04EC0-301F-11D3-BF4B-00C04F79EFBC}") = "NoFeatherFalling", "NoFeatherFalling.csproj", "{2C62DEF3-742C-41D1-A774-7943E83FE286}"
EndProject
Global
	GlobalSection(SolutionConfigurationPlatforms) = preSolution
		Debug|Any CPU = Debug|Any CPU
		Release|Any CPU = Release|Any CPU
	EndGlobalSection
	GlobalSection(ProjectConfigurationPlatforms) = postSolution
		{2C62DEF3-742C-41D1-A774-7943E83FE286}.Debug|Any CPU.ActiveCfg = Debug|Any CPU
		{2C62DEF3-742C-41D1-A774-7943E83FE286}.Debug|Any CPU.Build.0 = Debug|Any CPU
		{2C62DEF3-742C-41D1-A774-7943E83FE286}.Release|Any CPU.ActiveCfg = Release|Any CPU
		{2C62DEF3-742C-41D1-A774-7943E83FE286}.Release|Any CPU.Build.0 = Release|Any CPU
	EndGlobalSection
	GlobalSection(SolutionProperties) = preSolution
		HideSolutionNode = FALSE
	EndGlobalSection
	GlobalSection(ExtensibilityGlobals) = postSolution
		SolutionGuid = {DEAB729C-FF1B-4151-A464-6C6E33DBCEFE}
	EndGlobalSection
EndGlobal
